
Microsoft Visual Studio Solution File, Format Version 12.00
# Visual Studio 15
VisualStudioVersion = 15.0.28307.852
MinimumVisualStudioVersion = 10.0.40219.1
Project("{8BC9CEB8-8B4A-11D0-8D11-00A0C91BC942}") = "Monster_Hunter", "Monster_Hunter\Monster_Hunter.vcxproj", "{06FA7220-AF45-4967-9C43-34CB4179D6CF}"
EndProject
Project("{54435603-DBB4-11D2-8724-00A0C9A8B90C}") = "Monster_Hunter_Build", "Monster_Hunter_Build\Monster_Hunter_Build.vdproj", "{65F13B1F-8719-483D-B75A-4BA42C55BEBD}"
EndProject
Global
	GlobalSection(SolutionConfigurationPlatforms) = preSolution
		Debug|x64 = Debug|x64
		Debug|x86 = Debug|x86
		Release|x64 = Release|x64
		Release|x86 = Release|x86
	EndGlobalSection
	GlobalSection(ProjectConfigurationPlatforms) = postSolution
		{06FA7220-AF45-4967-9C43-34CB4179D6CF}.Debug|x64.ActiveCfg = Debug|x64
		{06FA7220-AF45-4967-9C43-34CB4179D6CF}.Debug|x64.Build.0 = Debug|x64
		{06FA7220-AF45-4967-9C43-34CB4179D6CF}.Debug|x86.ActiveCfg = Debug|Win32
		{06FA7220-AF45-4967-9C43-34CB4179D6CF}.Debug|x86.Build.0 = Debug|Win32
		{06FA7220-AF45-4967-9C43-34CB4179D6CF}.Release|x64.ActiveCfg = Release|x64
		{06FA7220-AF45-4967-9C43-34CB4179D6CF}.Release|x64.Build.0 = Release|x64
		{06FA7220-AF45-4967-9C43-34CB4179D6CF}.Release|x64.Deploy.0 = Release|x64
		{06FA7220-AF45-4967-9C43-34CB4179D6CF}.Release|x86.ActiveCfg = Release|Win32
		{06FA7220-AF45-4967-9C43-34CB4179D6CF}.Release|x86.Build.0 = Release|Win32
		{65F13B1F-8719-483D-B75A-4BA42C55BEBD}.Debug|x64.ActiveCfg = Debug
		{65F13B1F-8719-483D-B75A-4BA42C55BEBD}.Debug|x64.Build.0 = Debug
		{65F13B1F-8719-483D-B75A-4BA42C55BEBD}.Debug|x86.ActiveCfg = Debug
		{65F13B1F-8719-483D-B75A-4BA42C55BEBD}.Release|x64.ActiveCfg = Release
		{65F13B1F-8719-483D-B75A-4BA42C55BEBD}.Release|x86.ActiveCfg = Release
	EndGlobalSection
	GlobalSection(SolutionProperties) = preSolution
		HideSolutionNode = FALSE
	EndGlobalSection
	GlobalSection(ExtensibilityGlobals) = postSolution
		SolutionGuid = {ACD9D40D-7C41-4071-8F45-8AB319B2321B}
	EndGlobalSection
EndGlobal
