<?xml version="1.0" encoding="utf-8"?>
<Project ToolsVersion="4.0" xmlns="http://schemas.microsoft.com/developer/msbuild/2003">
  <ItemGroup>
    <Filter Include="Source Files">
      <UniqueIdentifier>{4FC737F1-C7A5-4376-A066-2A32D752A2FF}</UniqueIdentifier>
      <Extensions>cpp;c;cc;cxx;def;odl;idl;hpj;bat;asm;asmx</Extensions>
    </Filter>
    <Filter Include="Header Files">
      <UniqueIdentifier>{93995380-89BD-4b04-88EB-625FBE52EBFB}</UniqueIdentifier>
      <Extensions>h;hh;hpp;hxx;hm;inl;inc;ipp;xsd</Extensions>
    </Filter>
    <Filter Include="Resource Files">
      <UniqueIdentifier>{67DA6AB6-F800-4c08-8B7A-83BB121AAD01}</UniqueIdentifier>
      <Extensions>rc;ico;cur;bmp;dlg;rc2;rct;bin;rgs;gif;jpg;jpeg;jpe;resx;tiff;tif;png;wav;mfcribbon-ms</Extensions>
    </Filter>
    <Filter Include="Monster">
      <UniqueIdentifier>{17bc6f64-59b5-49e8-bd92-a61bf19a3c6b}</UniqueIdentifier>
    </Filter>
    <Filter Include="Character">
      <UniqueIdentifier>{9661c87e-b731-4a64-8f41-86de3e6a31d8}</UniqueIdentifier>
    </Filter>
    <Filter Include="Game">
      <UniqueIdentifier>{f83b1058-67e5-4644-8f86-2a27a9caa6e9}</UniqueIdentifier>
    </Filter>
  </ItemGroup>
  <ItemGroup>
    <ClInclude Include="UI\ConsoleUI.hpp">
      <Filter>Header Files</Filter>
    </ClInclude>
    <ClInclude Include="UI\UserInterfaceHandler.hpp">
      <Filter>Header Files</Filter>
    </ClInclude>
    <ClInclude Include="TechnicalServices\Logging\LoggerHandler.hpp">
      <Filter>Header Files</Filter>
    </ClInclude>
    <ClInclude Include="TechnicalServices\Logging\SimpleLogger.hpp">
      <Filter>Header Files</Filter>
    </ClInclude>
    <ClInclude Include="TechnicalServices\Persistence\PersistenceHandler.hpp">
      <Filter>Header Files</Filter>
    </ClInclude>
    <ClInclude Include="TechnicalServices\Persistence\SimpleDB.hpp">
      <Filter>Header Files</Filter>
    </ClInclude>
    <ClInclude Include="Domain\AccountManagement\UserAccounts.hpp">
      <Filter>Header Files</Filter>
    </ClInclude>
    <ClInclude Include="Domain\Game\Dragon.hpp">
      <Filter>Monster</Filter>
    </ClInclude>
    <ClInclude Include="Domain\Game\Goblin.hpp">
      <Filter>Monster</Filter>
    </ClInclude>
    <ClInclude Include="Domain\Game\Golem.hpp">
      <Filter>Monster</Filter>
    </ClInclude>
    <ClInclude Include="Domain\Game\Orc.hpp">
      <Filter>Monster</Filter>
    </ClInclude>
    <ClInclude Include="Domain\Game\Monster.hpp">
      <Filter>Monster</Filter>
    </ClInclude>
    <ClInclude Include="Domain\Game\Mage.hpp">
      <Filter>Character</Filter>
    </ClInclude>
    <ClInclude Include="Domain\Game\Assassin.hpp">
      <Filter>Character</Filter>
    </ClInclude>
    <ClInclude Include="Domain\Game\Warrior.hpp">
      <Filter>Character</Filter>
    </ClInclude>
    <ClInclude Include="Domain\Game\Character.hpp">
      <Filter>Character</Filter>
    </ClInclude>
    <ClInclude Include="Domain\Game\Map.hpp">
      <Filter>Game</Filter>
    </ClInclude>
    <ClInclude Include="Domain\Game\GameSession.hpp">
      <Filter>Game</Filter>
    </ClInclude>
    <ClInclude Include="Domain\AccountManagement\AccountManagementHandler.hpp">
      <Filter>Header Files</Filter>
    </ClInclude>
    <ClInclude Include="Domain\Menu\SessionHandler.hpp">
      <Filter>Header Files</Filter>
    </ClInclude>
    <ClInclude Include="Domain\Menu\PlayerSession.hpp">
      <Filter>Header Files</Filter>
    </ClInclude>
    <ClInclude Include="Domain\Menu\AdminSession.hpp">
      <Filter>Header Files</Filter>
    </ClInclude>
    <ClInclude Include="UI\PlayGame.hpp">
      <Filter>Header Files</Filter>
    </ClInclude>
    <ClInclude Include="Domain\Game\GameSessionHandler.hpp">
      <Filter>Header Files</Filter>
    </ClInclude>
    <ClInclude Include="Domain\Game\CharacterCreator.hpp">
      <Filter>Header Files</Filter>
    </ClInclude>
    <ClInclude Include="Domain\Shop\ShopHandler.hpp">
      <Filter>Header Files</Filter>
    </ClInclude>
    <ClInclude Include="Domain\Shop\ShopMenu.hpp">
      <Filter>Header Files</Filter>
    </ClInclude>
    <ClInclude Include="UI\PaymentUI.hpp">
      <Filter>Header Files</Filter>
    </ClInclude>
    <ClInclude Include="TechnicalServices\Payment\PaymentServiceHandler.hpp">
      <Filter>Header Files</Filter>
    </ClInclude>
    <ClInclude Include="TechnicalServices\Payment\MastercardPaymentService.hpp">
      <Filter>Header Files</Filter>
    </ClInclude>
    <ClInclude Include="TechnicalServices\Payment\VisaPaymentService.hpp">
      <Filter>Header Files</Filter>
    </ClInclude>
    <ClInclude Include="Domain\Game\MapHandler.hpp">
      <Filter>Header Files</Filter>
    </ClInclude>
    <ClInclude Include="UI\PaymentUIHandler.hpp">
      <Filter>Header Files</Filter>
    </ClInclude>
    <ClInclude Include="UI\GameUIHandler.hpp">
      <Filter>Header Files</Filter>
    </ClInclude>
  </ItemGroup>
  <ItemGroup>
    <ClCompile Include="main.cpp">
      <Filter>Source Files</Filter>
    </ClCompile>
    <ClCompile Include="UI\ConsoleUI.cpp">
      <Filter>Source Files</Filter>
    </ClCompile>
    <ClCompile Include="TechnicalServices\Persistence\SimpleDB.cpp">
      <Filter>Source Files</Filter>
    </ClCompile>
    <ClCompile Include="Domain\AccountManagement\UserAccounts.cpp">
      <Filter>Source Files</Filter>
    </ClCompile>
    <ClCompile Include="Domain\Game\Monster.cpp">
      <Filter>Monster</Filter>
    </ClCompile>
    <ClCompile Include="Domain\Game\Character.cpp">
      <Filter>Character</Filter>
    </ClCompile>
    <ClCompile Include="Domain\Game\Map.cpp">
      <Filter>Game</Filter>
    </ClCompile>
    <ClCompile Include="Domain\Game\GameSession.cpp">
      <Filter>Game</Filter>
    </ClCompile>
    <ClCompile Include="Domain\Menu\SessionHandler.cpp">
      <Filter>Source Files</Filter>
    </ClCompile>
    <ClCompile Include="UI\PlayGame.cpp">
      <Filter>Source Files</Filter>
    </ClCompile>
    <ClCompile Include="Domain\Shop\ShopMenu.cpp">
      <Filter>Source Files</Filter>
    </ClCompile>
    <ClCompile Include="Domain\Game\GameSessionHandler.cpp">
      <Filter>Source Files</Filter>
    </ClCompile>
  </ItemGroup>
</Project>